PODS:
  - Alamofire (3.5.0)
  - CryptoSwift (0.3.1)
  - OpenSSL (1.0.207)
  - SwiftyJSON (2.4.0)

DEPENDENCIES:
  - Alamofire (from `https://github.com/Alamofire/Alamofire.git`, tag `3.5.0`)
  - CryptoSwift
  - OpenSSL
  - SwiftyJSON (from `https://github.com/SwiftyJSON/SwiftyJSON.git`, tag `2.4.0`)

EXTERNAL SOURCES:
  Alamofire:
    :git: https://github.com/Alamofire/Alamofire.git
    :tag: 3.5.0
  SwiftyJSON:
    :git: https://github.com/SwiftyJSON/SwiftyJSON.git
    :tag: 2.4.0

CHECKOUT OPTIONS:
  Alamofire:
    :git: https://github.com/Alamofire/Alamofire.git
    :tag: 3.5.0
  SwiftyJSON:
    :git: https://github.com/SwiftyJSON/SwiftyJSON.git
    :tag: 2.4.0

SPEC CHECKSUMS:
  Alamofire: b70a7352335f8ea5babd0a923eb7e8eacc67b877
  CryptoSwift: baf01e3fb3226c0155cd54c266be882b13d45d5e
  OpenSSL: 26eb46b2836c0dade24fa53276b552f14c6eece1
  SwiftyJSON: 96918c1bf505efa50c4f72957018dd3452090c9c

PODFILE CHECKSUM: c53b1b884c3568ede38160f539cdc9939d297552

COCOAPODS: 1.0.0
