// !$*UTF8*$!
{
	archiveVersion = 1;
	classes = {
	};
	objectVersion = 46;
	objects = {

/* Begin PBXBuildFile section */
		9974BA198B24A4079EED707B /* Pods_PaymentDemo.framework in Frameworks */ = {isa = PBXBuildFile; fileRef = 4AE48FB08AF94A70701DE407 /* Pods_PaymentDemo.framework */; };
		F3CD8D7A1CC7F3A40097572C /* AppDelegate.swift in Sources */ = {isa = PBXBuildFile; fileRef = F3CD8D791CC7F3A40097572C /* AppDelegate.swift */; };
		F3CD8D7C1CC7F3A40097572C /* ViewController.swift in Sources */ = {isa = PBXBuildFile; fileRef = F3CD8D7B1CC7F3A40097572C /* ViewController.swift */; };
		F3CD8D7F1CC7F3A40097572C /* Main.storyboard in Resources */ = {isa = PBXBuildFile; fileRef = F3CD8D7D1CC7F3A40097572C /* Main.storyboard */; };
		F3CD8D821CC7F3A40097572C /* PaymentDemo.xcdatamodeld in Sources */ = {isa = PBXBuildFile; fileRef = F3CD8D801CC7F3A40097572C /* PaymentDemo.xcdatamodeld */; };
		F3CD8D841CC7F3A40097572C /* Assets.xcassets in Resources */ = {isa = PBXBuildFile; fileRef = F3CD8D831CC7F3A40097572C /* Assets.xcassets */; };
		F3CD8D871CC7F3A40097572C /* LaunchScreen.storyboard in Resources */ = {isa = PBXBuildFile; fileRef = F3CD8D851CC7F3A40097572C /* LaunchScreen.storyboard */; };
		F3FD34821CF6015000F35881 /* PaymentSDK.framework in Frameworks */ = {isa = PBXBuildFile; fileRef = F3FD34811CF6015000F35881 /* PaymentSDK.framework */; };
		F3FD34831CF6015000F35881 /* PaymentSDK.framework in Embed Frameworks */ = {isa = PBXBuildFile; fileRef = F3FD34811CF6015000F35881 /* PaymentSDK.framework */; settings = {ATTRIBUTES = (CodeSignOnCopy, RemoveHeadersOnCopy, ); }; };
/* End PBXBuildFile section */

/* Begin PBXCopyFilesBuildPhase section */
		F3823D431CC7F68D00BAFC01 /* Embed Frameworks */ = {
			isa = PBXCopyFilesBuildPhase;
			buildActionMask = 2147483647;
			dstPath = "";
			dstSubfolderSpec = 10;
			files = (
				F3FD34831CF6015000F35881 /* PaymentSDK.framework in Embed Frameworks */,
			);
			name = "Embed Frameworks";
			runOnlyForDeploymentPostprocessing = 0;
		};
/* End PBXCopyFilesBuildPhase section */

/* Begin PBXFileReference section */
		4AE48FB08AF94A70701DE407 /* Pods_PaymentDemo.framework */ = {isa = PBXFileReference; explicitFileType = wrapper.framework; includeInIndex = 0; path = Pods_PaymentDemo.framework; sourceTree = BUILT_PRODUCTS_DIR; };
		4ED3C795AED6909F3B8EF1FA /* Pods-PaymentDemo.release.xcconfig */ = {isa = PBXFileReference; includeInIndex = 1; lastKnownFileType = text.xcconfig; name = "Pods-PaymentDemo.release.xcconfig"; path = "Pods/Target Support Files/Pods-PaymentDemo/Pods-PaymentDemo.release.xcconfig"; sourceTree = "<group>"; };
		F2207BAFACA33FAB3E7AD7B1 /* Pods-PaymentDemo.debug.xcconfig */ = {isa = PBXFileReference; includeInIndex = 1; lastKnownFileType = text.xcconfig; name = "Pods-PaymentDemo.debug.xcconfig"; path = "Pods/Target Support Files/Pods-PaymentDemo/Pods-PaymentDemo.debug.xcconfig"; sourceTree = "<group>"; };
		F3CD8D761CC7F3A40097572C /* PaymentDemo.app */ = {isa = PBXFileReference; explicitFileType = wrapper.application; includeInIndex = 0; path = PaymentDemo.app; sourceTree = BUILT_PRODUCTS_DIR; };
		F3CD8D791CC7F3A40097572C /* AppDelegate.swift */ = {isa = PBXFileReference; lastKnownFileType = sourcecode.swift; path = AppDelegate.swift; sourceTree = "<group>"; };
		F3CD8D7B1CC7F3A40097572C /* ViewController.swift */ = {isa = PBXFileReference; lastKnownFileType = sourcecode.swift; path = ViewController.swift; sourceTree = "<group>"; };
		F3CD8D7E1CC7F3A40097572C /* Base */ = {isa = PBXFileReference; lastKnownFileType = file.storyboard; name = Base; path = Base.lproj/Main.storyboard; sourceTree = "<group>"; };
		F3CD8D811CC7F3A40097572C /* PaymentDemo.xcdatamodel */ = {isa = PBXFileReference; lastKnownFileType = wrapper.xcdatamodel; path = PaymentDemo.xcdatamodel; sourceTree = "<group>"; };
		F3CD8D831CC7F3A40097572C /* Assets.xcassets */ = {isa = PBXFileReference; lastKnownFileType = folder.assetcatalog; path = Assets.xcassets; sourceTree = "<group>"; };
		F3CD8D861CC7F3A40097572C /* Base */ = {isa = PBXFileReference; lastKnownFileType = file.storyboard; name = Base; path = Base.lproj/LaunchScreen.storyboard; sourceTree = "<group>"; };
		F3CD8D881CC7F3A40097572C /* Info.plist */ = {isa = PBXFileReference; lastKnownFileType = text.plist.xml; path = Info.plist; sourceTree = "<group>"; };
		F3FD34811CF6015000F35881 /* PaymentSDK.framework */ = {isa = PBXFileReference; lastKnownFileType = wrapper.framework; path = PaymentSDK.framework; sourceTree = "<group>"; };
/* End PBXFileReference section */

/* Begin PBXFrameworksBuildPhase section */
		F3CD8D731CC7F3A40097572C /* Frameworks */ = {
			isa = PBXFrameworksBuildPhase;
			buildActionMask = 2147483647;
			files = (
				F3FD34821CF6015000F35881 /* PaymentSDK.framework in Frameworks */,
				9974BA198B24A4079EED707B /* Pods_PaymentDemo.framework in Frameworks */,
			);
			runOnlyForDeploymentPostprocessing = 0;
		};
/* End PBXFrameworksBuildPhase section */

/* Begin PBXGroup section */
		00F90358474151A7A74F7F1B /* Pods */ = {
			isa = PBXGroup;
			children = (
				F2207BAFACA33FAB3E7AD7B1 /* Pods-PaymentDemo.debug.xcconfig */,
				4ED3C795AED6909F3B8EF1FA /* Pods-PaymentDemo.release.xcconfig */,
			);
			name = Pods;
			sourceTree = "<group>";
		};
		7A31B74AD344777124E167FC /* Frameworks */ = {
			isa = PBXGroup;
			children = (
				4AE48FB08AF94A70701DE407 /* Pods_PaymentDemo.framework */,
			);
			name = Frameworks;
			sourceTree = "<group>";
		};
		F3CD8D6D1CC7F3A40097572C = {
			isa = PBXGroup;
			children = (
				F3FD34811CF6015000F35881 /* PaymentSDK.framework */,
				F3CD8D781CC7F3A40097572C /* PaymentDemo */,
				F3CD8D771CC7F3A40097572C /* Products */,
				00F90358474151A7A74F7F1B /* Pods */,
				7A31B74AD344777124E167FC /* Frameworks */,
			);
			sourceTree = "<group>";
		};
		F3CD8D771CC7F3A40097572C /* Products */ = {
			isa = PBXGroup;
			children = (
				F3CD8D761CC7F3A40097572C /* PaymentDemo.app */,
			);
			name = Products;
			sourceTree = "<group>";
		};
		F3CD8D781CC7F3A40097572C /* PaymentDemo */ = {
			isa = PBXGroup;
			children = (
				F3CD8D791CC7F3A40097572C /* AppDelegate.swift */,
				F3CD8D7B1CC7F3A40097572C /* ViewController.swift */,
				F3CD8D7D1CC7F3A40097572C /* Main.storyboard */,
				F3CD8D831CC7F3A40097572C /* Assets.xcassets */,
				F3CD8D851CC7F3A40097572C /* LaunchScreen.storyboard */,
				F3CD8D881CC7F3A40097572C /* Info.plist */,
				F3CD8D801CC7F3A40097572C /* PaymentDemo.xcdatamodeld */,
			);
			path = PaymentDemo;
			sourceTree = "<group>";
		};
/* End PBXGroup section */

/* Begin PBXNativeTarget section */
		F3CD8D751CC7F3A40097572C /* PaymentDemo */ = {
			isa = PBXNativeTarget;
			buildConfigurationList = F3CD8D8B1CC7F3A40097572C /* Build configuration list for PBXNativeTarget "PaymentDemo" */;
			buildPhases = (
				1BB10CC83F5C8865EE1035FA /* Check Pods Manifest.lock */,
				F3CD8D721CC7F3A40097572C /* Sources */,
				F3CD8D731CC7F3A40097572C /* Frameworks */,
				F3CD8D741CC7F3A40097572C /* Resources */,
				FD55BE8A25D082A6E989C0F0 /* Embed Pods Frameworks */,
				9E4CF82C8B1370A87CABC84A /* Copy Pods Resources */,
				F3823D431CC7F68D00BAFC01 /* Embed Frameworks */,
			);
			buildRules = (
			);
			dependencies = (
			);
			name = PaymentDemo;
			productName = PaymentDemo;
			productReference = F3CD8D761CC7F3A40097572C /* PaymentDemo.app */;
			productType = "com.apple.product-type.application";
		};
/* End PBXNativeTarget section */

/* Begin PBXProject section */
		F3CD8D6E1CC7F3A40097572C /* Project object */ = {
			isa = PBXProject;
			attributes = {
				LastSwiftUpdateCheck = 0730;
				LastUpgradeCheck = 0730;
				ORGANIZATIONNAME = "Efe Ariaroo";
				TargetAttributes = {
					F3CD8D751CC7F3A40097572C = {
						CreatedOnToolsVersion = 7.3;
						DevelopmentTeam = M28B7CT6HR;
					};
				};
			};
			buildConfigurationList = F3CD8D711CC7F3A40097572C /* Build configuration list for PBXProject "PaymentDemo" */;
			compatibilityVersion = "Xcode 3.2";
			developmentRegion = English;
			hasScannedForEncodings = 0;
			knownRegions = (
				en,
				Base,
			);
			mainGroup = F3CD8D6D1CC7F3A40097572C;
			productRefGroup = F3CD8D771CC7F3A40097572C /* Products */;
			projectDirPath = "";
			projectRoot = "";
			targets = (
				F3CD8D751CC7F3A40097572C /* PaymentDemo */,
			);
		};
/* End PBXProject section */

/* Begin PBXResourcesBuildPhase section */
		F3CD8D741CC7F3A40097572C /* Resources */ = {
			isa = PBXResourcesBuildPhase;
			buildActionMask = 2147483647;
			files = (
				F3CD8D871CC7F3A40097572C /* LaunchScreen.storyboard in Resources */,
				F3CD8D841CC7F3A40097572C /* Assets.xcassets in Resources */,
				F3CD8D7F1CC7F3A40097572C /* Main.storyboard in Resources */,
			);
			runOnlyForDeploymentPostprocessing = 0;
		};
/* End PBXResourcesBuildPhase section */

/* Begin PBXShellScriptBuildPhase section */
		1BB10CC83F5C8865EE1035FA /* Check Pods Manifest.lock */ = {
			isa = PBXShellScriptBuildPhase;
			buildActionMask = 2147483647;
			files = (
			);
			inputPaths = (
			);
			name = "Check Pods Manifest.lock";
			outputPaths = (
			);
			runOnlyForDeploymentPostprocessing = 0;
			shellPath = /bin/sh;
			shellScript = "diff \"${PODS_ROOT}/../Podfile.lock\" \"${PODS_ROOT}/Manifest.lock\" > /dev/null\nif [[ $? != 0 ]] ; then\n    cat << EOM\nerror: The sandbox is not in sync with the Podfile.lock. Run 'pod install' or update your CocoaPods installation.\nEOM\n    exit 1\nfi\n";
			showEnvVarsInLog = 0;
		};
		9E4CF82C8B1370A87CABC84A /* Copy Pods Resources */ = {
			isa = PBXShellScriptBuildPhase;
			buildActionMask = 2147483647;
			files = (
			);
			inputPaths = (
			);
			name = "Copy Pods Resources";
			outputPaths = (
			);
			runOnlyForDeploymentPostprocessing = 0;
			shellPath = /bin/sh;
			shellScript = "\"${SRCROOT}/Pods/Target Support Files/Pods-PaymentDemo/Pods-PaymentDemo-resources.sh\"\n";
			showEnvVarsInLog = 0;
		};
		FD55BE8A25D082A6E989C0F0 /* Embed Pods Frameworks */ = {
			isa = PBXShellScriptBuildPhase;
			buildActionMask = 2147483647;
			files = (
			);
			inputPaths = (
			);
			name = "Embed Pods Frameworks";
			outputPaths = (
			);
			runOnlyForDeploymentPostprocessing = 0;
			shellPath = /bin/sh;
			shellScript = "\"${SRCROOT}/Pods/Target Support Files/Pods-PaymentDemo/Pods-PaymentDemo-frameworks.sh\"\n";
			showEnvVarsInLog = 0;
		};
/* End PBXShellScriptBuildPhase section */

/* Begin PBXSourcesBuildPhase section */
		F3CD8D721CC7F3A40097572C /* Sources */ = {
			isa = PBXSourcesBuildPhase;
			buildActionMask = 2147483647;
			files = (
				F3CD8D7C1CC7F3A40097572C /* ViewController.swift in Sources */,
				F3CD8D7A1CC7F3A40097572C /* AppDelegate.swift in Sources */,
				F3CD8D821CC7F3A40097572C /* PaymentDemo.xcdatamodeld in Sources */,
			);
			runOnlyForDeploymentPostprocessing = 0;
		};
/* End PBXSourcesBuildPhase section */

/* Begin PBXVariantGroup section */
		F3CD8D7D1CC7F3A40097572C /* Main.storyboard */ = {
			isa = PBXVariantGroup;
			children = (
				F3CD8D7E1CC7F3A40097572C /* Base */,
			);
			name = Main.storyboard;
			sourceTree = "<group>";
		};
		F3CD8D851CC7F3A40097572C /* LaunchScreen.storyboard */ = {
			isa = PBXVariantGroup;
			children = (
				F3CD8D861CC7F3A40097572C /* Base */,
			);
			name = LaunchScreen.storyboard;
			sourceTree = "<group>";
		};
/* End PBXVariantGroup section */

/* Begin XCBuildConfiguration section */
		F3CD8D891CC7F3A40097572C /* Debug */ = {
			isa = XCBuildConfiguration;
			buildSettings = {
				ALWAYS_SEARCH_USER_PATHS = NO;
				CLANG_ANALYZER_NONNULL = YES;
				CLANG_CXX_LANGUAGE_STANDARD = "gnu++0x";
				CLANG_CXX_LIBRARY = "libc++";
				CLANG_ENABLE_MODULES = YES;
				CLANG_ENABLE_OBJC_ARC = YES;
				CLANG_WARN_BOOL_CONVERSION = YES;
				CLANG_WARN_CONSTANT_CONVERSION = YES;
				CLANG_WARN_DIRECT_OBJC_ISA_USAGE = YES_ERROR;
				CLANG_WARN_EMPTY_BODY = YES;
				CLANG_WARN_ENUM_CONVERSION = YES;
				CLANG_WARN_INT_CONVERSION = YES;
				CLANG_WARN_OBJC_ROOT_CLASS = YES_ERROR;
				CLANG_WARN_UNREACHABLE_CODE = YES;
				CLANG_WARN__DUPLICATE_METHOD_MATCH = YES;
				"CODE_SIGN_IDENTITY[sdk=iphoneos*]" = "iPhone Developer";
				COPY_PHASE_STRIP = NO;
				DEBUG_INFORMATION_FORMAT = dwarf;
				ENABLE_STRICT_OBJC_MSGSEND = YES;
				ENABLE_TESTABILITY = YES;
				GCC_C_LANGUAGE_STANDARD = gnu99;
				GCC_DYNAMIC_NO_PIC = NO;
				GCC_NO_COMMON_BLOCKS = YES;
				GCC_OPTIMIZATION_LEVEL = 0;
				GCC_PREPROCESSOR_DEFINITIONS = (
					"DEBUG=1",
					"$(inherited)",
				);
				GCC_WARN_64_TO_32_BIT_CONVERSION = YES;
				GCC_WARN_ABOUT_RETURN_TYPE = YES_ERROR;
				GCC_WARN_UNDECLARED_SELECTOR = YES;
				GCC_WARN_UNINITIALIZED_AUTOS = YES_AGGRESSIVE;
				GCC_WARN_UNUSED_FUNCTION = YES;
				GCC_WARN_UNUSED_VARIABLE = YES;
				IPHONEOS_DEPLOYMENT_TARGET = 9.3;
				MTL_ENABLE_DEBUG_INFO = YES;
				ONLY_ACTIVE_ARCH = YES;
				SDKROOT = iphoneos;
				SWIFT_OPTIMIZATION_LEVEL = "-Onone";
			};
			name = Debug;
		};
		F3CD8D8A1CC7F3A40097572C /* Release */ = {
			isa = XCBuildConfiguration;
			buildSettings = {
				ALWAYS_SEARCH_USER_PATHS = NO;
				CLANG_ANALYZER_NONNULL = YES;
				CLANG_CXX_LANGUAGE_STANDARD = "gnu++0x";
				CLANG_CXX_LIBRARY = "libc++";
				CLANG_ENABLE_MODULES = YES;
				CLANG_ENABLE_OBJC_ARC = YES;
				CLANG_WARN_BOOL_CONVERSION = YES;
				CLANG_WARN_CONSTANT_CONVERSION = YES;
				CLANG_WARN_DIRECT_OBJC_ISA_USAGE = YES_ERROR;
				CLANG_WARN_EMPTY_BODY = YES;
				CLANG_WARN_ENUM_CONVERSION = YES;
				CLANG_WARN_INT_CONVERSION = YES;
				CLANG_WARN_OBJC_ROOT_CLASS = YES_ERROR;
				CLANG_WARN_UNREACHABLE_CODE = YES;
				CLANG_WARN__DUPLICATE_METHOD_MATCH = YES;
				"CODE_SIGN_IDENTITY[sdk=iphoneos*]" = "iPhone Developer";
				COPY_PHASE_STRIP = NO;
				DEBUG_INFORMATION_FORMAT = "dwarf-with-dsym";
				ENABLE_NS_ASSERTIONS = NO;
				ENABLE_STRICT_OBJC_MSGSEND = YES;
				GCC_C_LANGUAGE_STANDARD = gnu99;
				GCC_NO_COMMON_BLOCKS = YES;
				GCC_WARN_64_TO_32_BIT_CONVERSION = YES;
				GCC_WARN_ABOUT_RETURN_TYPE = YES_ERROR;
				GCC_WARN_UNDECLARED_SELECTOR = YES;
				GCC_WARN_UNINITIALIZED_AUTOS = YES_AGGRESSIVE;
				GCC_WARN_UNUSED_FUNCTION = YES;
				GCC_WARN_UNUSED_VARIABLE = YES;
				IPHONEOS_DEPLOYMENT_TARGET = 9.3;
				MTL_ENABLE_DEBUG_INFO = NO;
				SDKROOT = iphoneos;
				VALIDATE_PRODUCT = YES;
			};
			name = Release;
		};
		F3CD8D8C1CC7F3A40097572C /* Debug */ = {
			isa = XCBuildConfiguration;
			baseConfigurationReference = F2207BAFACA33FAB3E7AD7B1 /* Pods-PaymentDemo.debug.xcconfig */;
			buildSettings = {
				ASSETCATALOG_COMPILER_APPICON_NAME = AppIcon;
				CODE_SIGN_IDENTITY = "iPhone Developer";
				"CODE_SIGN_IDENTITY[sdk=iphoneos*]" = "iPhone Developer";
				FRAMEWORK_SEARCH_PATHS = (
					"$(inherited)",
					"$(PROJECT_DIR)",
				);
				INFOPLIST_FILE = PaymentDemo/Info.plist;
				LD_RUNPATH_SEARCH_PATHS = "$(inherited) @executable_path/Frameworks";
				PRODUCT_BUNDLE_IDENTIFIER = com.interswitchng.PaymentDemo;
				PRODUCT_NAME = "$(TARGET_NAME)";
				PROVISIONING_PROFILE = "";
			};
			name = Debug;
		};
		F3CD8D8D1CC7F3A40097572C /* Release */ = {
			isa = XCBuildConfiguration;
			baseConfigurationReference = 4ED3C795AED6909F3B8EF1FA /* Pods-PaymentDemo.release.xcconfig */;
			buildSettings = {
				ASSETCATALOG_COMPILER_APPICON_NAME = AppIcon;
				CODE_SIGN_IDENTITY = "iPhone Developer";
				"CODE_SIGN_IDENTITY[sdk=iphoneos*]" = "iPhone Developer";
				FRAMEWORK_SEARCH_PATHS = (
					"$(inherited)",
					"$(PROJECT_DIR)",
				);
				INFOPLIST_FILE = PaymentDemo/Info.plist;
				LD_RUNPATH_SEARCH_PATHS = "$(inherited) @executable_path/Frameworks";
				PRODUCT_BUNDLE_IDENTIFIER = com.interswitchng.PaymentDemo;
				PRODUCT_NAME = "$(TARGET_NAME)";
				PROVISIONING_PROFILE = "";
			};
			name = Release;
		};
/* End XCBuildConfiguration section */

/* Begin XCConfigurationList section */
		F3CD8D711CC7F3A40097572C /* Build configuration list for PBXProject "PaymentDemo" */ = {
			isa = XCConfigurationList;
			buildConfigurations = (
				F3CD8D891CC7F3A40097572C /* Debug */,
				F3CD8D8A1CC7F3A40097572C /* Release */,
			);
			defaultConfigurationIsVisible = 0;
			defaultConfigurationName = Release;
		};
		F3CD8D8B1CC7F3A40097572C /* Build configuration list for PBXNativeTarget "PaymentDemo" */ = {
			isa = XCConfigurationList;
			buildConfigurations = (
				F3CD8D8C1CC7F3A40097572C /* Debug */,
				F3CD8D8D1CC7F3A40097572C /* Release */,
			);
			defaultConfigurationIsVisible = 0;
			defaultConfigurationName = Release;
		};
/* End XCConfigurationList section */

/* Begin XCVersionGroup section */
		F3CD8D801CC7F3A40097572C /* PaymentDemo.xcdatamodeld */ = {
			isa = XCVersionGroup;
			children = (
				F3CD8D811CC7F3A40097572C /* PaymentDemo.xcdatamodel */,
			);
			currentVersion = F3CD8D811CC7F3A40097572C /* PaymentDemo.xcdatamodel */;
			path = PaymentDemo.xcdatamodeld;
			sourceTree = "<group>";
			versionGroupType = wrapper.xcdatamodel;
		};
/* End XCVersionGroup section */
	};
	rootObject = F3CD8D6E1CC7F3A40097572C /* Project object */;
}
